
Microsoft Visual Studio Solution File, Format Version 12.00
# Visual Studio Version 16
VisualStudioVersion = 16.6.30114.105
MinimumVisualStudioVersion = 10.0.40219.1
Project("{FAE04EC0-301F-11D3-BF4B-00C04F79EFBC}") = "API", "API\API.csproj", "{67DDAD86-81F5-4579-BB70-06ECA34802D2}"
EndProject
Project("{FAE04EC0-301F-11D3-BF4B-00C04F79EFBC}") = "Application", "Application\Application.csproj", "{7DE8DEB6-3769-4F77-B113-C9C73B25CBBA}"
EndProject
Project("{FAE04EC0-301F-11D3-BF4B-00C04F79EFBC}") = "Persistance", "Persistance\Persistance.csproj", "{1D9C9CAC-A50A-473C-B41A-41E3E7A52357}"
EndProject
Project("{FAE04EC0-301F-11D3-BF4B-00C04F79EFBC}") = "Domain", "Domain\Domain.csproj", "{7093F7DD-E45F-4073-900E-950A4A5E8A0B}"
EndProject
Global
	GlobalSection(SolutionConfigurationPlatforms) = preSolution
		Debug|Any CPU = Debug|Any CPU
		Debug|x64 = Debug|x64
		Debug|x86 = Debug|x86
		Release|Any CPU = Release|Any CPU
		Release|x64 = Release|x64
		Release|x86 = Release|x86
	EndGlobalSection
	GlobalSection(SolutionProperties) = preSolution
		HideSolutionNode = FALSE
	EndGlobalSection
	GlobalSection(ProjectConfigurationPlatforms) = postSolution
		{67DDAD86-81F5-4579-BB70-06ECA34802D2}.Debug|Any CPU.ActiveCfg = Debug|Any CPU
		{67DDAD86-81F5-4579-BB70-06ECA34802D2}.Debug|Any CPU.Build.0 = Debug|Any CPU
		{67DDAD86-81F5-4579-BB70-06ECA34802D2}.Debug|x64.ActiveCfg = Debug|Any CPU
		{67DDAD86-81F5-4579-BB70-06ECA34802D2}.Debug|x64.Build.0 = Debug|Any CPU
		{67DDAD86-81F5-4579-BB70-06ECA34802D2}.Debug|x86.ActiveCfg = Debug|Any CPU
		{67DDAD86-81F5-4579-BB70-06ECA34802D2}.Debug|x86.Build.0 = Debug|Any CPU
		{67DDAD86-81F5-4579-BB70-06ECA34802D2}.Release|Any CPU.ActiveCfg = Release|Any CPU
		{67DDAD86-81F5-4579-BB70-06ECA34802D2}.Release|Any CPU.Build.0 = Release|Any CPU
		{67DDAD86-81F5-4579-BB70-06ECA34802D2}.Release|x64.ActiveCfg = Release|Any CPU
		{67DDAD86-81F5-4579-BB70-06ECA34802D2}.Release|x64.Build.0 = Release|Any CPU
		{67DDAD86-81F5-4579-BB70-06ECA34802D2}.Release|x86.ActiveCfg = Release|Any CPU
		{67DDAD86-81F5-4579-BB70-06ECA34802D2}.Release|x86.Build.0 = Release|Any CPU
		{7DE8DEB6-3769-4F77-B113-C9C73B25CBBA}.Debug|Any CPU.ActiveCfg = Debug|Any CPU
		{7DE8DEB6-3769-4F77-B113-C9C73B25CBBA}.Debug|Any CPU.Build.0 = Debug|Any CPU
		{7DE8DEB6-3769-4F77-B113-C9C73B25CBBA}.Debug|x64.ActiveCfg = Debug|Any CPU
		{7DE8DEB6-3769-4F77-B113-C9C73B25CBBA}.Debug|x64.Build.0 = Debug|Any CPU
		{7DE8DEB6-3769-4F77-B113-C9C73B25CBBA}.Debug|x86.ActiveCfg = Debug|Any CPU
		{7DE8DEB6-3769-4F77-B113-C9C73B25CBBA}.Debug|x86.Build.0 = Debug|Any CPU
		{7DE8DEB6-3769-4F77-B113-C9C73B25CBBA}.Release|Any CPU.ActiveCfg = Release|Any CPU
		{7DE8DEB6-3769-4F77-B113-C9C73B25CBBA}.Release|Any CPU.Build.0 = Release|Any CPU
		{7DE8DEB6-3769-4F77-B113-C9C73B25CBBA}.Release|x64.ActiveCfg = Release|Any CPU
		{7DE8DEB6-3769-4F77-B113-C9C73B25CBBA}.Release|x64.Build.0 = Release|Any CPU
		{7DE8DEB6-3769-4F77-B113-C9C73B25CBBA}.Release|x86.ActiveCfg = Release|Any CPU
		{7DE8DEB6-3769-4F77-B113-C9C73B25CBBA}.Release|x86.Build.0 = Release|Any CPU
		{1D9C9CAC-A50A-473C-B41A-41E3E7A52357}.Debug|Any CPU.ActiveCfg = Debug|Any CPU
		{1D9C9CAC-A50A-473C-B41A-41E3E7A52357}.Debug|Any CPU.Build.0 = Debug|Any CPU
		{1D9C9CAC-A50A-473C-B41A-41E3E7A52357}.Debug|x64.ActiveCfg = Debug|Any CPU
		{1D9C9CAC-A50A-473C-B41A-41E3E7A52357}.Debug|x64.Build.0 = Debug|Any CPU
		{1D9C9CAC-A50A-473C-B41A-41E3E7A52357}.Debug|x86.ActiveCfg = Debug|Any CPU
		{1D9C9CAC-A50A-473C-B41A-41E3E7A52357}.Debug|x86.Build.0 = Debug|Any CPU
		{1D9C9CAC-A50A-473C-B41A-41E3E7A52357}.Release|Any CPU.ActiveCfg = Release|Any CPU
		{1D9C9CAC-A50A-473C-B41A-41E3E7A52357}.Release|Any CPU.Build.0 = Release|Any CPU
		{1D9C9CAC-A50A-473C-B41A-41E3E7A52357}.Release|x64.ActiveCfg = Release|Any CPU
		{1D9C9CAC-A50A-473C-B41A-41E3E7A52357}.Release|x64.Build.0 = Release|Any CPU
		{1D9C9CAC-A50A-473C-B41A-41E3E7A52357}.Release|x86.ActiveCfg = Release|Any CPU
		{1D9C9CAC-A50A-473C-B41A-41E3E7A52357}.Release|x86.Build.0 = Release|Any CPU
		{7093F7DD-E45F-4073-900E-950A4A5E8A0B}.Debug|Any CPU.ActiveCfg = Debug|Any CPU
		{7093F7DD-E45F-4073-900E-950A4A5E8A0B}.Debug|Any CPU.Build.0 = Debug|Any CPU
		{7093F7DD-E45F-4073-900E-950A4A5E8A0B}.Debug|x64.ActiveCfg = Debug|Any CPU
		{7093F7DD-E45F-4073-900E-950A4A5E8A0B}.Debug|x64.Build.0 = Debug|Any CPU
		{7093F7DD-E45F-4073-900E-950A4A5E8A0B}.Debug|x86.ActiveCfg = Debug|Any CPU
		{7093F7DD-E45F-4073-900E-950A4A5E8A0B}.Debug|x86.Build.0 = Debug|Any CPU
		{7093F7DD-E45F-4073-900E-950A4A5E8A0B}.Release|Any CPU.ActiveCfg = Release|Any CPU
		{7093F7DD-E45F-4073-900E-950A4A5E8A0B}.Release|Any CPU.Build.0 = Release|Any CPU
		{7093F7DD-E45F-4073-900E-950A4A5E8A0B}.Release|x64.ActiveCfg = Release|Any CPU
		{7093F7DD-E45F-4073-900E-950A4A5E8A0B}.Release|x64.Build.0 = Release|Any CPU
		{7093F7DD-E45F-4073-900E-950A4A5E8A0B}.Release|x86.ActiveCfg = Release|Any CPU
		{7093F7DD-E45F-4073-900E-950A4A5E8A0B}.Release|x86.Build.0 = Release|Any CPU
	EndGlobalSection
EndGlobal
